version: 2.0
shards:
  ameba:
    git: https://github.com/crystal-ameba/ameba.git
    version: 1.7.0-dev+git.commit.a74c675501891beba1ef0eb4ad926b41af1b53f2

  db:
    git: https://github.com/crystal-lang/crystal-db.git
    version: 0.11.0

  lexis-minhash:
    git: https://github.com/kritoke/lexis-minhash.git
    version: 0.1.0

  slang:
    git: https://github.com/toddsundsted/slang.git
    version: 2.0.3+git.commit.bd5ac5203d369139058d0b9ba102b71a2cb5098c

  sqlite3:
    git: https://github.com/crystal-lang/crystal-sqlite3.git
    version: 0.19.0

