version: 2.0
shards:
  ameba:
    git: https://github.com/crystal-ameba/ameba.git
    version: 1.7.0-dev+git.commit.77bf37bb5d3f7751bb531d2e5e67d66a28474579

  athena:
    git: https://github.com/athena-framework/framework.git
    version: 0.22.0

  athena-clock:
    git: https://github.com/athena-framework/clock.git
    version: 0.3.0

  athena-console:
    git: https://github.com/athena-framework/console.git
    version: 0.4.3

  athena-contracts:
    git: https://github.com/athena-framework/contracts.git
    version: 0.1.0

  athena-dependency_injection:
    git: https://github.com/athena-framework/dependency-injection.git
    version: 0.4.5

  athena-event_dispatcher:
    git: https://github.com/athena-framework/event-dispatcher.git
    version: 0.4.1

  athena-http:
    git: https://github.com/athena-framework/http.git
    version: 0.1.0

  athena-http_kernel:
    git: https://github.com/athena-framework/http-kernel.git
    version: 0.1.0

  athena-image_size:
    git: https://github.com/athena-framework/image-size.git
    version: 0.1.4

  athena-mime:
    git: https://github.com/athena-framework/mime.git
    version: 0.2.1

  athena-negotiation:
    git: https://github.com/athena-framework/negotiation.git
    version: 0.2.0

  athena-routing:
    git: https://github.com/athena-framework/routing.git
    version: 0.2.0

  athena-serializer:
    git: https://github.com/athena-framework/serializer.git
    version: 0.4.3

  athena-validator:
    git: https://github.com/athena-framework/validator.git
    version: 0.5.0

  baked_file_system:
    git: https://github.com/schovi/baked_file_system.git
    version: 0.13.0

  cookie_jar:
    git: https://github.com/mamantoha/http-cookie_jar.git
    version: 0.1.0

  crest:
    git: https://github.com/mamantoha/crest.git
    version: 1.7.0

  crimage:
    git: https://github.com/naqvis/crimage.git
    version: 1.0.5+git.commit.2b3abbcdca426a2a13a39b986326f9a2f7f65bc6

  crtemp:
    git: https://github.com/kritoke/crtemp.git
    version: 0.1.1

  db:
    git: https://github.com/crystal-lang/crystal-db.git
    version: 0.14.0

  fetcher:
    git: https://github.com/kritoke/fetcher.cr.git
    version: 0.9.5

  html5:
    git: https://github.com/naqvis/crystal-html5.git
    version: 0.7.0

  http-client-digest_auth:
    git: https://github.com/mamantoha/http-client-digest_auth.git
    version: 0.6.0

  http_proxy:
    git: https://github.com/mamantoha/http_proxy.git
    version: 0.14.0

  lexis-minhash:
    git: https://github.com/kritoke/lexis-minhash.git
    version: 0.5.0

  prismatiq:
    git: https://github.com/kritoke/prismatiq.git
    version: 0.6.2

  sanitize:
    git: https://github.com/straight-shoota/sanitize.git
    version: 0.1.0+git.commit.c17d933fed22c6d3d615cca91a895166414389af

  sqlite3:
    git: https://github.com/crystal-lang/crystal-sqlite3.git
    version: 0.22.0

  vug:
    git: https://github.com/kritoke/vug.cr.git
    version: 0.5.3

  xpath2:
    git: https://github.com/naqvis/crystal-xpath2.git
    version: 0.2.0

