version: 2.0
shards:
  ameba:
    git: https://github.com/crystal-ameba/ameba.git
    version: 1.7.0-dev+git.commit.a74c675501891beba1ef0eb4ad926b41af1b53f2

  athena:
    git: https://github.com/athena-framework/framework.git
    version: 0.21.1

  athena-clock:
    git: https://github.com/athena-framework/clock.git
    version: 0.2.0

  athena-console:
    git: https://github.com/athena-framework/console.git
    version: 0.4.2

  athena-contracts:
    git: https://github.com/athena-framework/contracts.git
    version: 0.1.0

  athena-dependency_injection:
    git: https://github.com/athena-framework/dependency-injection.git
    version: 0.4.4

  athena-event_dispatcher:
    git: https://github.com/athena-framework/event-dispatcher.git
    version: 0.4.0

  athena-image_size:
    git: https://github.com/athena-framework/image-size.git
    version: 0.1.4

  athena-mime:
    git: https://github.com/athena-framework/mime.git
    version: 0.2.1

  athena-negotiation:
    git: https://github.com/athena-framework/negotiation.git
    version: 0.2.0

  athena-routing:
    git: https://github.com/athena-framework/routing.git
    version: 0.1.12

  athena-serializer:
    git: https://github.com/athena-framework/serializer.git
    version: 0.4.2

  athena-validator:
    git: https://github.com/athena-framework/validator.git
    version: 0.4.1

  db:
    git: https://github.com/crystal-lang/crystal-db.git
    version: 0.11.0

  lexis-minhash:
    git: https://github.com/kritoke/lexis-minhash.git
    version: 0.1.0

  sqlite3:
    git: https://github.com/crystal-lang/crystal-sqlite3.git
    version: 0.19.0

  stumpy_core:
    git: https://github.com/stumpycr/stumpy_core.git
    version: 1.9.1

  stumpy_png:
    git: https://github.com/stumpycr/stumpy_png.git
    version: 5.0.1

